# This file is automatically @generated by Cargo.
# It is not intended for manual editing.
version = 3

[[package]]
name = "file_mmap"
version = "0.2.0"
dependencies = [
 "memmap2",
]

[[package]]
name = "libc"
version = "0.2.132"
source = "registry+https://github.com/rust-lang/crates.io-index"
checksum = "8371e4e5341c3a96db127eb2465ac681ced4c433e01dd0e938adbef26ba93ba5"

[[package]]
name = "memmap2"
version = "0.5.7"
source = "registry+https://github.com/rust-lang/crates.io-index"
checksum = "95af15f345b17af2efc8ead6080fb8bc376f8cec1b35277b935637595fe77498"
dependencies = [
 "libc",
]
