# This file is automatically @generated by Cargo.
# It is not intended for manual editing.
version = 3

[[package]]
name = "file_mmap"
version = "0.4.1"
dependencies = [
 "memmap2",
]

[[package]]
name = "libc"
version = "0.2.134"
source = "registry+https://github.com/rust-lang/crates.io-index"
checksum = "329c933548736bc49fd575ee68c89e8be4d260064184389a5b77517cddd99ffb"

[[package]]
name = "memmap2"
version = "0.5.7"
source = "registry+https://github.com/rust-lang/crates.io-index"
checksum = "95af15f345b17af2efc8ead6080fb8bc376f8cec1b35277b935637595fe77498"
dependencies = [
 "libc",
]
